
Microsoft Visual Studio Solution File, Format Version 12.00
# Visual Studio 15
VisualStudioVersion = 15.0.28307.572
MinimumVisualStudioVersion = 10.0.40219.1
Project("{9A19103F-16F7-4668-BE54-9A1E7A4F7556}") = "HackerRank", "HackerRank\HackerRank.csproj", "{EC6EC668-64CC-4632-8130-359BC6B9865D}"
EndProject
Project("{FAE04EC0-301F-11D3-BF4B-00C04F79EFBC}") = "HackerRankApp", "HackerRankApp\HackerRankApp.csproj", "{2817E278-EC6A-4A4F-9CA2-0B52BECD3224}"
EndProject
Global
	GlobalSection(SolutionConfigurationPlatforms) = preSolution
		Debug|Any CPU = Debug|Any CPU
		Release|Any CPU = Release|Any CPU
	EndGlobalSection
	GlobalSection(ProjectConfigurationPlatforms) = postSolution
		{EC6EC668-64CC-4632-8130-359BC6B9865D}.Debug|Any CPU.ActiveCfg = Debug|Any CPU
		{EC6EC668-64CC-4632-8130-359BC6B9865D}.Debug|Any CPU.Build.0 = Debug|Any CPU
		{EC6EC668-64CC-4632-8130-359BC6B9865D}.Release|Any CPU.ActiveCfg = Release|Any CPU
		{EC6EC668-64CC-4632-8130-359BC6B9865D}.Release|Any CPU.Build.0 = Release|Any CPU
		{2817E278-EC6A-4A4F-9CA2-0B52BECD3224}.Debug|Any CPU.ActiveCfg = Debug|Any CPU
		{2817E278-EC6A-4A4F-9CA2-0B52BECD3224}.Debug|Any CPU.Build.0 = Debug|Any CPU
		{2817E278-EC6A-4A4F-9CA2-0B52BECD3224}.Release|Any CPU.ActiveCfg = Release|Any CPU
		{2817E278-EC6A-4A4F-9CA2-0B52BECD3224}.Release|Any CPU.Build.0 = Release|Any CPU
	EndGlobalSection
	GlobalSection(SolutionProperties) = preSolution
		HideSolutionNode = FALSE
	EndGlobalSection
	GlobalSection(ExtensibilityGlobals) = postSolution
		SolutionGuid = {D40FBFB4-1070-4B39-8AD6-7E85900E2104}
	EndGlobalSection
EndGlobal
